
Microsoft Visual Studio Solution File, Format Version 12.00
# Visual Studio Version 16
VisualStudioVersion = 16.0.30804.86
MinimumVisualStudioVersion = 10.0.40219.1
Project("{FAE04EC0-301F-11D3-BF4B-00C04F79EFBC}") = "SmsSender", "SmsSender.csproj", "{AE1DCEFC-41DE-48B3-992B-8A0B3F89837E}"
EndProject
Global
	GlobalSection(SolutionConfigurationPlatforms) = preSolution
		Debug|Any CPU = Debug|Any CPU
		Release|Any CPU = Release|Any CPU
	EndGlobalSection
	GlobalSection(ProjectConfigurationPlatforms) = postSolution
		{AE1DCEFC-41DE-48B3-992B-8A0B3F89837E}.Debug|Any CPU.ActiveCfg = Debug|Any CPU
		{AE1DCEFC-41DE-48B3-992B-8A0B3F89837E}.Debug|Any CPU.Build.0 = Debug|Any CPU
		{AE1DCEFC-41DE-48B3-992B-8A0B3F89837E}.Release|Any CPU.ActiveCfg = Release|Any CPU
		{AE1DCEFC-41DE-48B3-992B-8A0B3F89837E}.Release|Any CPU.Build.0 = Release|Any CPU
	EndGlobalSection
	GlobalSection(SolutionProperties) = preSolution
		HideSolutionNode = FALSE
	EndGlobalSection
	GlobalSection(ExtensibilityGlobals) = postSolution
		SolutionGuid = {86B74992-88D0-452C-B89D-EA8A3C90FC3C}
	EndGlobalSection
EndGlobal
